// !$*UTF8*$!
{
	archiveVersion = 1;
	classes = {
	};
	objectVersion = 50;
	objects = {

/* Begin PBXBuildFile section */
		060EF36B2A75A4D3719A86AA /* Pods_cocoapodsAssaingment.framework in Frameworks */ = {isa = PBXBuildFile; fileRef = 8BFAD85BE77CB8C5491342B0 /* Pods_cocoapodsAssaingment.framework */; };
		EBEDFE642100061F0021342D /* AppDelegate.swift in Sources */ = {isa = PBXBuildFile; fileRef = EBEDFE632100061F0021342D /* AppDelegate.swift */; };
		EBEDFE662100061F0021342D /* ViewController.swift in Sources */ = {isa = PBXBuildFile; fileRef = EBEDFE652100061F0021342D /* ViewController.swift */; };
		EBEDFE692100061F0021342D /* Main.storyboard in Resources */ = {isa = PBXBuildFile; fileRef = EBEDFE672100061F0021342D /* Main.storyboard */; };
		EBEDFE6B210006200021342D /* Assets.xcassets in Resources */ = {isa = PBXBuildFile; fileRef = EBEDFE6A210006200021342D /* Assets.xcassets */; };
		EBEDFE6E210006200021342D /* LaunchScreen.storyboard in Resources */ = {isa = PBXBuildFile; fileRef = EBEDFE6C210006200021342D /* LaunchScreen.storyboard */; };
/* End PBXBuildFile section */

/* Begin PBXFileReference section */
		639C5CB21588940BC35AE0A5 /* Pods-cocoapodsAssaingment.debug.xcconfig */ = {isa = PBXFileReference; includeInIndex = 1; lastKnownFileType = text.xcconfig; name = "Pods-cocoapodsAssaingment.debug.xcconfig"; path = "Pods/Target Support Files/Pods-cocoapodsAssaingment/Pods-cocoapodsAssaingment.debug.xcconfig"; sourceTree = "<group>"; };
		8BFAD85BE77CB8C5491342B0 /* Pods_cocoapodsAssaingment.framework */ = {isa = PBXFileReference; explicitFileType = wrapper.framework; includeInIndex = 0; path = Pods_cocoapodsAssaingment.framework; sourceTree = BUILT_PRODUCTS_DIR; };
		EBEDFE602100061F0021342D /* cocoapodsAssaingment.app */ = {isa = PBXFileReference; explicitFileType = wrapper.application; includeInIndex = 0; path = cocoapodsAssaingment.app; sourceTree = BUILT_PRODUCTS_DIR; };
		EBEDFE632100061F0021342D /* AppDelegate.swift */ = {isa = PBXFileReference; lastKnownFileType = sourcecode.swift; path = AppDelegate.swift; sourceTree = "<group>"; };
		EBEDFE652100061F0021342D /* ViewController.swift */ = {isa = PBXFileReference; lastKnownFileType = sourcecode.swift; path = ViewController.swift; sourceTree = "<group>"; };
		EBEDFE682100061F0021342D /* Base */ = {isa = PBXFileReference; lastKnownFileType = file.storyboard; name = Base; path = Base.lproj/Main.storyboard; sourceTree = "<group>"; };
		EBEDFE6A210006200021342D /* Assets.xcassets */ = {isa = PBXFileReference; lastKnownFileType = folder.assetcatalog; path = Assets.xcassets; sourceTree = "<group>"; };
		EBEDFE6D210006200021342D /* Base */ = {isa = PBXFileReference; lastKnownFileType = file.storyboard; name = Base; path = Base.lproj/LaunchScreen.storyboard; sourceTree = "<group>"; };
		EBEDFE6F210006200021342D /* Info.plist */ = {isa = PBXFileReference; lastKnownFileType = text.plist.xml; path = Info.plist; sourceTree = "<group>"; };
		FCC9D66CD90722B365EBD733 /* Pods-cocoapodsAssaingment.release.xcconfig */ = {isa = PBXFileReference; includeInIndex = 1; lastKnownFileType = text.xcconfig; name = "Pods-cocoapodsAssaingment.release.xcconfig"; path = "Pods/Target Support Files/Pods-cocoapodsAssaingment/Pods-cocoapodsAssaingment.release.xcconfig"; sourceTree = "<group>"; };
/* End PBXFileReference section */

/* Begin PBXFrameworksBuildPhase section */
		EBEDFE5D2100061F0021342D /* Frameworks */ = {
			isa = PBXFrameworksBuildPhase;
			buildActionMask = 2147483647;
			files = (
				060EF36B2A75A4D3719A86AA /* Pods_cocoapodsAssaingment.framework in Frameworks */,
			);
			runOnlyForDeploymentPostprocessing = 0;
		};
/* End PBXFrameworksBuildPhase section */

/* Begin PBXGroup section */
		04EDFAD30A84F6F552CC3B5D /* Frameworks */ = {
			isa = PBXGroup;
			children = (
				8BFAD85BE77CB8C5491342B0 /* Pods_cocoapodsAssaingment.framework */,
			);
			name = Frameworks;
			sourceTree = "<group>";
		};
		41894C774D9593D26A8904E5 /* Pods */ = {
			isa = PBXGroup;
			children = (
				639C5CB21588940BC35AE0A5 /* Pods-cocoapodsAssaingment.debug.xcconfig */,
				FCC9D66CD90722B365EBD733 /* Pods-cocoapodsAssaingment.release.xcconfig */,
			);
			name = Pods;
			sourceTree = "<group>";
		};
		EBEDFE572100061F0021342D = {
			isa = PBXGroup;
			children = (
				EBEDFE622100061F0021342D /* cocoapodsAssaingment */,
				EBEDFE612100061F0021342D /* Products */,
				41894C774D9593D26A8904E5 /* Pods */,
				04EDFAD30A84F6F552CC3B5D /* Frameworks */,
			);
			sourceTree = "<group>";
		};
		EBEDFE612100061F0021342D /* Products */ = {
			isa = PBXGroup;
			children = (
				EBEDFE602100061F0021342D /* cocoapodsAssaingment.app */,
			);
			name = Products;
			sourceTree = "<group>";
		};
		EBEDFE622100061F0021342D /* cocoapodsAssaingment */ = {
			isa = PBXGroup;
			children = (
				EBEDFE632100061F0021342D /* AppDelegate.swift */,
				EBEDFE652100061F0021342D /* ViewController.swift */,
				EBEDFE672100061F0021342D /* Main.storyboard */,
				EBEDFE6A210006200021342D /* Assets.xcassets */,
				EBEDFE6C210006200021342D /* LaunchScreen.storyboard */,
				EBEDFE6F210006200021342D /* Info.plist */,
			);
			path = cocoapodsAssaingment;
			sourceTree = "<group>";
		};
/* End PBXGroup section */

/* Begin PBXNativeTarget section */
		EBEDFE5F2100061F0021342D /* cocoapodsAssaingment */ = {
			isa = PBXNativeTarget;
			buildConfigurationList = EBEDFE72210006200021342D /* Build configuration list for PBXNativeTarget "cocoapodsAssaingment" */;
			buildPhases = (
				545635899548FA07FDC43113 /* [CP] Check Pods Manifest.lock */,
				EBEDFE5C2100061F0021342D /* Sources */,
				EBEDFE5D2100061F0021342D /* Frameworks */,
				EBEDFE5E2100061F0021342D /* Resources */,
				235AD8C96BEF1B358842F4E8 /* [CP] Embed Pods Frameworks */,
			);
			buildRules = (
			);
			dependencies = (
			);
			name = cocoapodsAssaingment;
			productName = cocoapodsAssaingment;
			productReference = EBEDFE602100061F0021342D /* cocoapodsAssaingment.app */;
			productType = "com.apple.product-type.application";
		};
/* End PBXNativeTarget section */

/* Begin PBXProject section */
		EBEDFE582100061F0021342D /* Project object */ = {
			isa = PBXProject;
			attributes = {
				LastSwiftUpdateCheck = 0940;
				LastUpgradeCheck = 0940;
				ORGANIZATIONNAME = "Jesuly MC";
				TargetAttributes = {
					EBEDFE5F2100061F0021342D = {
						CreatedOnToolsVersion = 9.4.1;
					};
				};
			};
			buildConfigurationList = EBEDFE5B2100061F0021342D /* Build configuration list for PBXProject "cocoapodsAssaingment" */;
			compatibilityVersion = "Xcode 9.3";
			developmentRegion = en;
			hasScannedForEncodings = 0;
			knownRegions = (
				en,
				Base,
			);
			mainGroup = EBEDFE572100061F0021342D;
			productRefGroup = EBEDFE612100061F0021342D /* Products */;
			projectDirPath = "";
			projectRoot = "";
			targets = (
				EBEDFE5F2100061F0021342D /* cocoapodsAssaingment */,
			);
		};
/* End PBXProject section */

/* Begin PBXResourcesBuildPhase section */
		EBEDFE5E2100061F0021342D /* Resources */ = {
			isa = PBXResourcesBuildPhase;
			buildActionMask = 2147483647;
			files = (
				EBEDFE6E210006200021342D /* LaunchScreen.storyboard in Resources */,
				EBEDFE6B210006200021342D /* Assets.xcassets in Resources */,
				EBEDFE692100061F0021342D /* Main.storyboard in Resources */,
			);
			runOnlyForDeploymentPostprocessing = 0;
		};
/* End PBXResourcesBuildPhase section */

/* Begin PBXShellScriptBuildPhase section */
		235AD8C96BEF1B358842F4E8 /* [CP] Embed Pods Frameworks */ = {
			isa = PBXShellScriptBuildPhase;
			buildActionMask = 2147483647;
			files = (
			);
			inputPaths = (
				"${SRCROOT}/Pods/Target Support Files/Pods-cocoapodsAssaingment/Pods-cocoapodsAssaingment-frameworks.sh",
				"${BUILT_PRODUCTS_DIR}/SVProgressHUD/SVProgressHUD.framework",
			);
			name = "[CP] Embed Pods Frameworks";
			outputPaths = (
				"${TARGET_BUILD_DIR}/${FRAMEWORKS_FOLDER_PATH}/SVProgressHUD.framework",
			);
			runOnlyForDeploymentPostprocessing = 0;
			shellPath = /bin/sh;
			shellScript = "\"${SRCROOT}/Pods/Target Support Files/Pods-cocoapodsAssaingment/Pods-cocoapodsAssaingment-frameworks.sh\"\n";
			showEnvVarsInLog = 0;
		};
		545635899548FA07FDC43113 /* [CP] Check Pods Manifest.lock */ = {
			isa = PBXShellScriptBuildPhase;
			buildActionMask = 2147483647;
			files = (
			);
			inputPaths = (
				"${PODS_PODFILE_DIR_PATH}/Podfile.lock",
				"${PODS_ROOT}/Manifest.lock",
			);
			name = "[CP] Check Pods Manifest.lock";
			outputPaths = (
				"$(DERIVED_FILE_DIR)/Pods-cocoapodsAssaingment-checkManifestLockResult.txt",
			);
			runOnlyForDeploymentPostprocessing = 0;
			shellPath = /bin/sh;
			shellScript = "diff \"${PODS_PODFILE_DIR_PATH}/Podfile.lock\" \"${PODS_ROOT}/Manifest.lock\" > /dev/null\nif [ $? != 0 ] ; then\n    # print error to STDERR\n    echo \"error: The sandbox is not in sync with the Podfile.lock. Run 'pod install' or update your CocoaPods installation.\" >&2\n    exit 1\nfi\n# This output is used by Xcode 'outputs' to avoid re-running this script phase.\necho \"SUCCESS\" > \"${SCRIPT_OUTPUT_FILE_0}\"\n";
			showEnvVarsInLog = 0;
		};
/* End PBXShellScriptBuildPhase section */

/* Begin PBXSourcesBuildPhase section */
		EBEDFE5C2100061F0021342D /* Sources */ = {
			isa = PBXSourcesBuildPhase;
			buildActionMask = 2147483647;
			files = (
				EBEDFE662100061F0021342D /* ViewController.swift in Sources */,
				EBEDFE642100061F0021342D /* AppDelegate.swift in Sources */,
			);
			runOnlyForDeploymentPostprocessing = 0;
		};
/* End PBXSourcesBuildPhase section */

/* Begin PBXVariantGroup section */
		EBEDFE672100061F0021342D /* Main.storyboard */ = {
			isa = PBXVariantGroup;
			children = (
				EBEDFE682100061F0021342D /* Base */,
			);
			name = Main.storyboard;
			sourceTree = "<group>";
		};
		EBEDFE6C210006200021342D /* LaunchScreen.storyboard */ = {
			isa = PBXVariantGroup;
			children = (
				EBEDFE6D210006200021342D /* Base */,
			);
			name = LaunchScreen.storyboard;
			sourceTree = "<group>";
		};
/* End PBXVariantGroup section */

/* Begin XCBuildConfiguration section */
		EBEDFE70210006200021342D /* Debug */ = {
			isa = XCBuildConfiguration;
			buildSettings = {
				ALWAYS_SEARCH_USER_PATHS = NO;
				CLANG_ANALYZER_NONNULL = YES;
				CLANG_ANALYZER_NUMBER_OBJECT_CONVERSION = YES_AGGRESSIVE;
				CLANG_CXX_LANGUAGE_STANDARD = "gnu++14";
				CLANG_CXX_LIBRARY = "libc++";
				CLANG_ENABLE_MODULES = YES;
				CLANG_ENABLE_OBJC_ARC = YES;
				CLANG_ENABLE_OBJC_WEAK = YES;
				CLANG_WARN_BLOCK_CAPTURE_AUTORELEASING = YES;
				CLANG_WARN_BOOL_CONVERSION = YES;
				CLANG_WARN_COMMA = YES;
				CLANG_WARN_CONSTANT_CONVERSION = YES;
				CLANG_WARN_DEPRECATED_OBJC_IMPLEMENTATIONS = YES;
				CLANG_WARN_DIRECT_OBJC_ISA_USAGE = YES_ERROR;
				CLANG_WARN_DOCUMENTATION_COMMENTS = YES;
				CLANG_WARN_EMPTY_BODY = YES;
				CLANG_WARN_ENUM_CONVERSION = YES;
				CLANG_WARN_INFINITE_RECURSION = YES;
				CLANG_WARN_INT_CONVERSION = YES;
				CLANG_WARN_NON_LITERAL_NULL_CONVERSION = YES;
				CLANG_WARN_OBJC_IMPLICIT_RETAIN_SELF = YES;
				CLANG_WARN_OBJC_LITERAL_CONVERSION = YES;
				CLANG_WARN_OBJC_ROOT_CLASS = YES_ERROR;
				CLANG_WARN_RANGE_LOOP_ANALYSIS = YES;
				CLANG_WARN_STRICT_PROTOTYPES = YES;
				CLANG_WARN_SUSPICIOUS_MOVE = YES;
				CLANG_WARN_UNGUARDED_AVAILABILITY = YES_AGGRESSIVE;
				CLANG_WARN_UNREACHABLE_CODE = YES;
				CLANG_WARN__DUPLICATE_METHOD_MATCH = YES;
				CODE_SIGN_IDENTITY = "iPhone Developer";
				COPY_PHASE_STRIP = NO;
				DEBUG_INFORMATION_FORMAT = dwarf;
				ENABLE_STRICT_OBJC_MSGSEND = YES;
				ENABLE_TESTABILITY = YES;
				GCC_C_LANGUAGE_STANDARD = gnu11;
				GCC_DYNAMIC_NO_PIC = NO;
				GCC_NO_COMMON_BLOCKS = YES;
				GCC_OPTIMIZATION_LEVEL = 0;
				GCC_PREPROCESSOR_DEFINITIONS = (
					"DEBUG=1",
					"$(inherited)",
				);
				GCC_WARN_64_TO_32_BIT_CONVERSION = YES;
				GCC_WARN_ABOUT_RETURN_TYPE = YES_ERROR;
				GCC_WARN_UNDECLARED_SELECTOR = YES;
				GCC_WARN_UNINITIALIZED_AUTOS = YES_AGGRESSIVE;
				GCC_WARN_UNUSED_FUNCTION = YES;
				GCC_WARN_UNUSED_VARIABLE = YES;
				IPHONEOS_DEPLOYMENT_TARGET = 11.4;
				MTL_ENABLE_DEBUG_INFO = YES;
				ONLY_ACTIVE_ARCH = YES;
				SDKROOT = iphoneos;
				SWIFT_ACTIVE_COMPILATION_CONDITIONS = DEBUG;
				SWIFT_OPTIMIZATION_LEVEL = "-Onone";
			};
			name = Debug;
		};
		EBEDFE71210006200021342D /* Release */ = {
			isa = XCBuildConfiguration;
			buildSettings = {
				ALWAYS_SEARCH_USER_PATHS = NO;
				CLANG_ANALYZER_NONNULL = YES;
				CLANG_ANALYZER_NUMBER_OBJECT_CONVERSION = YES_AGGRESSIVE;
				CLANG_CXX_LANGUAGE_STANDARD = "gnu++14";
				CLANG_CXX_LIBRARY = "libc++";
				CLANG_ENABLE_MODULES = YES;
				CLANG_ENABLE_OBJC_ARC = YES;
				CLANG_ENABLE_OBJC_WEAK = YES;
				CLANG_WARN_BLOCK_CAPTURE_AUTORELEASING = YES;
				CLANG_WARN_BOOL_CONVERSION = YES;
				CLANG_WARN_COMMA = YES;
				CLANG_WARN_CONSTANT_CONVERSION = YES;
				CLANG_WARN_DEPRECATED_OBJC_IMPLEMENTATIONS = YES;
				CLANG_WARN_DIRECT_OBJC_ISA_USAGE = YES_ERROR;
				CLANG_WARN_DOCUMENTATION_COMMENTS = YES;
				CLANG_WARN_EMPTY_BODY = YES;
				CLANG_WARN_ENUM_CONVERSION = YES;
				CLANG_WARN_INFINITE_RECURSION = YES;
				CLANG_WARN_INT_CONVERSION = YES;
				CLANG_WARN_NON_LITERAL_NULL_CONVERSION = YES;
				CLANG_WARN_OBJC_IMPLICIT_RETAIN_SELF = YES;
				CLANG_WARN_OBJC_LITERAL_CONVERSION = YES;
				CLANG_WARN_OBJC_ROOT_CLASS = YES_ERROR;
				CLANG_WARN_RANGE_LOOP_ANALYSIS = YES;
				CLANG_WARN_STRICT_PROTOTYPES = YES;
				CLANG_WARN_SUSPICIOUS_MOVE = YES;
				CLANG_WARN_UNGUARDED_AVAILABILITY = YES_AGGRESSIVE;
				CLANG_WARN_UNREACHABLE_CODE = YES;
				CLANG_WARN__DUPLICATE_METHOD_MATCH = YES;
				CODE_SIGN_IDENTITY = "iPhone Developer";
				COPY_PHASE_STRIP = NO;
				DEBUG_INFORMATION_FORMAT = "dwarf-with-dsym";
				ENABLE_NS_ASSERTIONS = NO;
				ENABLE_STRICT_OBJC_MSGSEND = YES;
				GCC_C_LANGUAGE_STANDARD = gnu11;
				GCC_NO_COMMON_BLOCKS = YES;
				GCC_WARN_64_TO_32_BIT_CONVERSION = YES;
				GCC_WARN_ABOUT_RETURN_TYPE = YES_ERROR;
				GCC_WARN_UNDECLARED_SELECTOR = YES;
				GCC_WARN_UNINITIALIZED_AUTOS = YES_AGGRESSIVE;
				GCC_WARN_UNUSED_FUNCTION = YES;
				GCC_WARN_UNUSED_VARIABLE = YES;
				IPHONEOS_DEPLOYMENT_TARGET = 11.4;
				MTL_ENABLE_DEBUG_INFO = NO;
				SDKROOT = iphoneos;
				SWIFT_COMPILATION_MODE = wholemodule;
				SWIFT_OPTIMIZATION_LEVEL = "-O";
				VALIDATE_PRODUCT = YES;
			};
			name = Release;
		};
		EBEDFE73210006200021342D /* Debug */ = {
			isa = XCBuildConfiguration;
			baseConfigurationReference = 639C5CB21588940BC35AE0A5 /* Pods-cocoapodsAssaingment.debug.xcconfig */;
			buildSettings = {
				ASSETCATALOG_COMPILER_APPICON_NAME = AppIcon;
				CODE_SIGN_STYLE = Automatic;
				INFOPLIST_FILE = cocoapodsAssaingment/Info.plist;
				LD_RUNPATH_SEARCH_PATHS = (
					"$(inherited)",
					"@executable_path/Frameworks",
				);
				PRODUCT_BUNDLE_IDENTIFIER = yvr.iosdevelopment.ca.cocoapodsAssaingment;
				PRODUCT_NAME = "$(TARGET_NAME)";
				SWIFT_VERSION = 4.0;
				TARGETED_DEVICE_FAMILY = "1,2";
			};
			name = Debug;
		};
		EBEDFE74210006200021342D /* Release */ = {
			isa = XCBuildConfiguration;
			baseConfigurationReference = FCC9D66CD90722B365EBD733 /* Pods-cocoapodsAssaingment.release.xcconfig */;
			buildSettings = {
				ASSETCATALOG_COMPILER_APPICON_NAME = AppIcon;
				CODE_SIGN_STYLE = Automatic;
				INFOPLIST_FILE = cocoapodsAssaingment/Info.plist;
				LD_RUNPATH_SEARCH_PATHS = (
					"$(inherited)",
					"@executable_path/Frameworks",
				);
				PRODUCT_BUNDLE_IDENTIFIER = yvr.iosdevelopment.ca.cocoapodsAssaingment;
				PRODUCT_NAME = "$(TARGET_NAME)";
				SWIFT_VERSION = 4.0;
				TARGETED_DEVICE_FAMILY = "1,2";
			};
			name = Release;
		};
/* End XCBuildConfiguration section */

/* Begin XCConfigurationList section */
		EBEDFE5B2100061F0021342D /* Build configuration list for PBXProject "cocoapodsAssaingment" */ = {
			isa = XCConfigurationList;
			buildConfigurations = (
				EBEDFE70210006200021342D /* Debug */,
				EBEDFE71210006200021342D /* Release */,
			);
			defaultConfigurationIsVisible = 0;
			defaultConfigurationName = Release;
		};
		EBEDFE72210006200021342D /* Build configuration list for PBXNativeTarget "cocoapodsAssaingment" */ = {
			isa = XCConfigurationList;
			buildConfigurations = (
				EBEDFE73210006200021342D /* Debug */,
				EBEDFE74210006200021342D /* Release */,
			);
			defaultConfigurationIsVisible = 0;
			defaultConfigurationName = Release;
		};
/* End XCConfigurationList section */
	};
	rootObject = EBEDFE582100061F0021342D /* Project object */;
}
